// !$*UTF8*$!
{
	archiveVersion = 1;
	classes = {
	};
	objectVersion = 46;
	objects = {

/* Begin PBXBuildFile section */
		8A1E42F71E7FEC9C006AEDDC /* AppDelegate.swift in Sources */ = {isa = PBXBuildFile; fileRef = 8A1E42F61E7FEC9C006AEDDC /* AppDelegate.swift */; };
		8A1E42F91E7FEC9C006AEDDC /* ViewController.swift in Sources */ = {isa = PBXBuildFile; fileRef = 8A1E42F81E7FEC9C006AEDDC /* ViewController.swift */; };
		8A1E42FC1E7FEC9C006AEDDC /* Main.storyboard in Resources */ = {isa = PBXBuildFile; fileRef = 8A1E42FA1E7FEC9C006AEDDC /* Main.storyboard */; };
		8A1E42FF1E7FEC9C006AEDDC /* SmileCoffeClient.xcdatamodeld in Sources */ = {isa = PBXBuildFile; fileRef = 8A1E42FD1E7FEC9C006AEDDC /* SmileCoffeClient.xcdatamodeld */; };
		8A1E43011E7FEC9C006AEDDC /* Assets.xcassets in Resources */ = {isa = PBXBuildFile; fileRef = 8A1E43001E7FEC9C006AEDDC /* Assets.xcassets */; };
		8A1E43041E7FEC9C006AEDDC /* LaunchScreen.storyboard in Resources */ = {isa = PBXBuildFile; fileRef = 8A1E43021E7FEC9C006AEDDC /* LaunchScreen.storyboard */; };
		8A1E430F1E7FEC9C006AEDDC /* SmileCoffeClientTests.swift in Sources */ = {isa = PBXBuildFile; fileRef = 8A1E430E1E7FEC9C006AEDDC /* SmileCoffeClientTests.swift */; };
		8A1E431A1E7FF2A5006AEDDC /* FacetrackingViewController.swift in Sources */ = {isa = PBXBuildFile; fileRef = 8A1E43191E7FF2A5006AEDDC /* FacetrackingViewController.swift */; };
		8A1E431C1E800C04006AEDDC /* AffairsViewController.swift in Sources */ = {isa = PBXBuildFile; fileRef = 8A1E431B1E800C04006AEDDC /* AffairsViewController.swift */; };
		8AEFFD821E80E4510087B8AB /* MessageViewController.swift in Sources */ = {isa = PBXBuildFile; fileRef = 8AEFFD811E80E4500087B8AB /* MessageViewController.swift */; };
		8D2A9E1B1EBA0FB000832383 /* SelectionViewController.swift in Sources */ = {isa = PBXBuildFile; fileRef = 8D2A9E1A1EBA0FB000832383 /* SelectionViewController.swift */; };
		FA86322D1E8123EA00E9EE86 /* Constants.swift in Sources */ = {isa = PBXBuildFile; fileRef = FA86322C1E8123EA00E9EE86 /* Constants.swift */; };
/* End PBXBuildFile section */

/* Begin PBXContainerItemProxy section */
		8A1E430B1E7FEC9C006AEDDC /* PBXContainerItemProxy */ = {
			isa = PBXContainerItemProxy;
			containerPortal = 8A1E42EB1E7FEC9B006AEDDC /* Project object */;
			proxyType = 1;
			remoteGlobalIDString = 8A1E42F21E7FEC9B006AEDDC;
			remoteInfo = SmileCoffeClient;
		};
/* End PBXContainerItemProxy section */

/* Begin PBXFileReference section */
		8A1E42F31E7FEC9B006AEDDC /* SmileCoffeClient.app */ = {isa = PBXFileReference; explicitFileType = wrapper.application; includeInIndex = 0; path = SmileCoffeClient.app; sourceTree = BUILT_PRODUCTS_DIR; };
		8A1E42F61E7FEC9C006AEDDC /* AppDelegate.swift */ = {isa = PBXFileReference; lastKnownFileType = sourcecode.swift; path = AppDelegate.swift; sourceTree = "<group>"; };
		8A1E42F81E7FEC9C006AEDDC /* ViewController.swift */ = {isa = PBXFileReference; lastKnownFileType = sourcecode.swift; path = ViewController.swift; sourceTree = "<group>"; };
		8A1E42FB1E7FEC9C006AEDDC /* Base */ = {isa = PBXFileReference; lastKnownFileType = file.storyboard; name = Base; path = Base.lproj/Main.storyboard; sourceTree = "<group>"; };
		8A1E42FE1E7FEC9C006AEDDC /* SmileCoffeClient.xcdatamodel */ = {isa = PBXFileReference; lastKnownFileType = wrapper.xcdatamodel; path = SmileCoffeClient.xcdatamodel; sourceTree = "<group>"; };
		8A1E43001E7FEC9C006AEDDC /* Assets.xcassets */ = {isa = PBXFileReference; lastKnownFileType = folder.assetcatalog; path = Assets.xcassets; sourceTree = "<group>"; };
		8A1E43031E7FEC9C006AEDDC /* Base */ = {isa = PBXFileReference; lastKnownFileType = file.storyboard; name = Base; path = Base.lproj/LaunchScreen.storyboard; sourceTree = "<group>"; };
		8A1E43051E7FEC9C006AEDDC /* Info.plist */ = {isa = PBXFileReference; lastKnownFileType = text.plist.xml; path = Info.plist; sourceTree = "<group>"; };
		8A1E430A1E7FEC9C006AEDDC /* SmileCoffeClientTests.xctest */ = {isa = PBXFileReference; explicitFileType = wrapper.cfbundle; includeInIndex = 0; path = SmileCoffeClientTests.xctest; sourceTree = BUILT_PRODUCTS_DIR; };
		8A1E430E1E7FEC9C006AEDDC /* SmileCoffeClientTests.swift */ = {isa = PBXFileReference; lastKnownFileType = sourcecode.swift; path = SmileCoffeClientTests.swift; sourceTree = "<group>"; };
		8A1E43101E7FEC9C006AEDDC /* Info.plist */ = {isa = PBXFileReference; lastKnownFileType = text.plist.xml; path = Info.plist; sourceTree = "<group>"; };
		8A1E43191E7FF2A5006AEDDC /* FacetrackingViewController.swift */ = {isa = PBXFileReference; fileEncoding = 4; lastKnownFileType = sourcecode.swift; path = FacetrackingViewController.swift; sourceTree = "<group>"; };
		8A1E431B1E800C04006AEDDC /* AffairsViewController.swift */ = {isa = PBXFileReference; fileEncoding = 4; lastKnownFileType = sourcecode.swift; path = AffairsViewController.swift; sourceTree = "<group>"; };
		8AEFFD811E80E4500087B8AB /* MessageViewController.swift */ = {isa = PBXFileReference; fileEncoding = 4; lastKnownFileType = sourcecode.swift; path = MessageViewController.swift; sourceTree = "<group>"; };
		8D2A9E1A1EBA0FB000832383 /* SelectionViewController.swift */ = {isa = PBXFileReference; fileEncoding = 4; lastKnownFileType = sourcecode.swift; path = SelectionViewController.swift; sourceTree = "<group>"; };
		FA86322C1E8123EA00E9EE86 /* Constants.swift */ = {isa = PBXFileReference; fileEncoding = 4; lastKnownFileType = sourcecode.swift; path = Constants.swift; sourceTree = "<group>"; };
/* End PBXFileReference section */

/* Begin PBXFrameworksBuildPhase section */
		8A1E42F01E7FEC9B006AEDDC /* Frameworks */ = {
			isa = PBXFrameworksBuildPhase;
			buildActionMask = 2147483647;
			files = (
			);
			runOnlyForDeploymentPostprocessing = 0;
		};
		8A1E43071E7FEC9C006AEDDC /* Frameworks */ = {
			isa = PBXFrameworksBuildPhase;
			buildActionMask = 2147483647;
			files = (
			);
			runOnlyForDeploymentPostprocessing = 0;
		};
/* End PBXFrameworksBuildPhase section */

/* Begin PBXGroup section */
		8A1E42EA1E7FEC9B006AEDDC = {
			isa = PBXGroup;
			children = (
				8A1E42F51E7FEC9B006AEDDC /* SmileCoffeClient */,
				8A1E430D1E7FEC9C006AEDDC /* SmileCoffeClientTests */,
				8A1E42F41E7FEC9B006AEDDC /* Products */,
			);
			sourceTree = "<group>";
		};
		8A1E42F41E7FEC9B006AEDDC /* Products */ = {
			isa = PBXGroup;
			children = (
				8A1E42F31E7FEC9B006AEDDC /* SmileCoffeClient.app */,
				8A1E430A1E7FEC9C006AEDDC /* SmileCoffeClientTests.xctest */,
			);
			name = Products;
			sourceTree = "<group>";
		};
		8A1E42F51E7FEC9B006AEDDC /* SmileCoffeClient */ = {
			isa = PBXGroup;
			children = (
				FA86322C1E8123EA00E9EE86 /* Constants.swift */,
				8A1E42F61E7FEC9C006AEDDC /* AppDelegate.swift */,
				8A1E42F81E7FEC9C006AEDDC /* ViewController.swift */,
				8A1E42FA1E7FEC9C006AEDDC /* Main.storyboard */,
				8D2A9E1A1EBA0FB000832383 /* SelectionViewController.swift */,
				8AEFFD811E80E4500087B8AB /* MessageViewController.swift */,
				8A1E431B1E800C04006AEDDC /* AffairsViewController.swift */,
				8A1E43191E7FF2A5006AEDDC /* FacetrackingViewController.swift */,
				8A1E43001E7FEC9C006AEDDC /* Assets.xcassets */,
				8A1E43021E7FEC9C006AEDDC /* LaunchScreen.storyboard */,
				8A1E43051E7FEC9C006AEDDC /* Info.plist */,
				8A1E42FD1E7FEC9C006AEDDC /* SmileCoffeClient.xcdatamodeld */,
			);
			path = SmileCoffeClient;
			sourceTree = "<group>";
		};
		8A1E430D1E7FEC9C006AEDDC /* SmileCoffeClientTests */ = {
			isa = PBXGroup;
			children = (
				8A1E430E1E7FEC9C006AEDDC /* SmileCoffeClientTests.swift */,
				8A1E43101E7FEC9C006AEDDC /* Info.plist */,
			);
			path = SmileCoffeClientTests;
			sourceTree = "<group>";
		};
/* End PBXGroup section */

/* Begin PBXNativeTarget section */
		8A1E42F21E7FEC9B006AEDDC /* SmileCoffeClient */ = {
			isa = PBXNativeTarget;
			buildConfigurationList = 8A1E43131E7FEC9C006AEDDC /* Build configuration list for PBXNativeTarget "SmileCoffeClient" */;
			buildPhases = (
				8A1E42EF1E7FEC9B006AEDDC /* Sources */,
				8A1E42F01E7FEC9B006AEDDC /* Frameworks */,
				8A1E42F11E7FEC9B006AEDDC /* Resources */,
			);
			buildRules = (
			);
			dependencies = (
			);
			name = SmileCoffeClient;
			productName = SmileCoffeClient;
			productReference = 8A1E42F31E7FEC9B006AEDDC /* SmileCoffeClient.app */;
			productType = "com.apple.product-type.application";
		};
		8A1E43091E7FEC9C006AEDDC /* SmileCoffeClientTests */ = {
			isa = PBXNativeTarget;
			buildConfigurationList = 8A1E43161E7FEC9C006AEDDC /* Build configuration list for PBXNativeTarget "SmileCoffeClientTests" */;
			buildPhases = (
				8A1E43061E7FEC9C006AEDDC /* Sources */,
				8A1E43071E7FEC9C006AEDDC /* Frameworks */,
				8A1E43081E7FEC9C006AEDDC /* Resources */,
			);
			buildRules = (
			);
			dependencies = (
				8A1E430C1E7FEC9C006AEDDC /* PBXTargetDependency */,
			);
			name = SmileCoffeClientTests;
			productName = SmileCoffeClientTests;
			productReference = 8A1E430A1E7FEC9C006AEDDC /* SmileCoffeClientTests.xctest */;
			productType = "com.apple.product-type.bundle.unit-test";
		};
/* End PBXNativeTarget section */

/* Begin PBXProject section */
		8A1E42EB1E7FEC9B006AEDDC /* Project object */ = {
			isa = PBXProject;
			attributes = {
				LastSwiftUpdateCheck = 0820;
				LastUpgradeCheck = 0820;
				ORGANIZATIONNAME = Thomas_Tao;
				TargetAttributes = {
					8A1E42F21E7FEC9B006AEDDC = {
						CreatedOnToolsVersion = 8.2.1;
						DevelopmentTeam = S8ZP685HLU;
						ProvisioningStyle = Automatic;
					};
					8A1E43091E7FEC9C006AEDDC = {
						CreatedOnToolsVersion = 8.2.1;
						DevelopmentTeam = FBYF9V6M6A;
						ProvisioningStyle = Automatic;
						TestTargetID = 8A1E42F21E7FEC9B006AEDDC;
					};
				};
			};
			buildConfigurationList = 8A1E42EE1E7FEC9B006AEDDC /* Build configuration list for PBXProject "SmileCoffeClient" */;
			compatibilityVersion = "Xcode 3.2";
			developmentRegion = English;
			hasScannedForEncodings = 0;
			knownRegions = (
				en,
				Base,
			);
			mainGroup = 8A1E42EA1E7FEC9B006AEDDC;
			productRefGroup = 8A1E42F41E7FEC9B006AEDDC /* Products */;
			projectDirPath = "";
			projectRoot = "";
			targets = (
				8A1E42F21E7FEC9B006AEDDC /* SmileCoffeClient */,
				8A1E43091E7FEC9C006AEDDC /* SmileCoffeClientTests */,
			);
		};
/* End PBXProject section */

/* Begin PBXResourcesBuildPhase section */
		8A1E42F11E7FEC9B006AEDDC /* Resources */ = {
			isa = PBXResourcesBuildPhase;
			buildActionMask = 2147483647;
			files = (
				8A1E43041E7FEC9C006AEDDC /* LaunchScreen.storyboard in Resources */,
				8A1E43011E7FEC9C006AEDDC /* Assets.xcassets in Resources */,
				8A1E42FC1E7FEC9C006AEDDC /* Main.storyboard in Resources */,
			);
			runOnlyForDeploymentPostprocessing = 0;
		};
		8A1E43081E7FEC9C006AEDDC /* Resources */ = {
			isa = PBXResourcesBuildPhase;
			buildActionMask = 2147483647;
			files = (
			);
			runOnlyForDeploymentPostprocessing = 0;
		};
/* End PBXResourcesBuildPhase section */

/* Begin PBXSourcesBuildPhase section */
		8A1E42EF1E7FEC9B006AEDDC /* Sources */ = {
			isa = PBXSourcesBuildPhase;
			buildActionMask = 2147483647;
			files = (
				8A1E431A1E7FF2A5006AEDDC /* FacetrackingViewController.swift in Sources */,
				8A1E431C1E800C04006AEDDC /* AffairsViewController.swift in Sources */,
				8A1E42FF1E7FEC9C006AEDDC /* SmileCoffeClient.xcdatamodeld in Sources */,
				8A1E42F91E7FEC9C006AEDDC /* ViewController.swift in Sources */,
				FA86322D1E8123EA00E9EE86 /* Constants.swift in Sources */,
				8D2A9E1B1EBA0FB000832383 /* SelectionViewController.swift in Sources */,
				8AEFFD821E80E4510087B8AB /* MessageViewController.swift in Sources */,
				8A1E42F71E7FEC9C006AEDDC /* AppDelegate.swift in Sources */,
			);
			runOnlyForDeploymentPostprocessing = 0;
		};
		8A1E43061E7FEC9C006AEDDC /* Sources */ = {
			isa = PBXSourcesBuildPhase;
			buildActionMask = 2147483647;
			files = (
				8A1E430F1E7FEC9C006AEDDC /* SmileCoffeClientTests.swift in Sources */,
			);
			runOnlyForDeploymentPostprocessing = 0;
		};
/* End PBXSourcesBuildPhase section */

/* Begin PBXTargetDependency section */
		8A1E430C1E7FEC9C006AEDDC /* PBXTargetDependency */ = {
			isa = PBXTargetDependency;
			target = 8A1E42F21E7FEC9B006AEDDC /* SmileCoffeClient */;
			targetProxy = 8A1E430B1E7FEC9C006AEDDC /* PBXContainerItemProxy */;
		};
/* End PBXTargetDependency section */

/* Begin PBXVariantGroup section */
		8A1E42FA1E7FEC9C006AEDDC /* Main.storyboard */ = {
			isa = PBXVariantGroup;
			children = (
				8A1E42FB1E7FEC9C006AEDDC /* Base */,
			);
			name = Main.storyboard;
			sourceTree = "<group>";
		};
		8A1E43021E7FEC9C006AEDDC /* LaunchScreen.storyboard */ = {
			isa = PBXVariantGroup;
			children = (
				8A1E43031E7FEC9C006AEDDC /* Base */,
			);
			name = LaunchScreen.storyboard;
			sourceTree = "<group>";
		};
/* End PBXVariantGroup section */

/* Begin XCBuildConfiguration section */
		8A1E43111E7FEC9C006AEDDC /* Debug */ = {
			isa = XCBuildConfiguration;
			buildSettings = {
				ALWAYS_SEARCH_USER_PATHS = NO;
				CLANG_ANALYZER_NONNULL = YES;
				CLANG_CXX_LANGUAGE_STANDARD = "gnu++0x";
				CLANG_CXX_LIBRARY = "libc++";
				CLANG_ENABLE_MODULES = YES;
				CLANG_ENABLE_OBJC_ARC = YES;
				CLANG_WARN_BOOL_CONVERSION = YES;
				CLANG_WARN_CONSTANT_CONVERSION = YES;
				CLANG_WARN_DIRECT_OBJC_ISA_USAGE = YES_ERROR;
				CLANG_WARN_DOCUMENTATION_COMMENTS = YES;
				CLANG_WARN_EMPTY_BODY = YES;
				CLANG_WARN_ENUM_CONVERSION = YES;
				CLANG_WARN_INFINITE_RECURSION = YES;
				CLANG_WARN_INT_CONVERSION = YES;
				CLANG_WARN_OBJC_ROOT_CLASS = YES_ERROR;
				CLANG_WARN_SUSPICIOUS_MOVE = YES;
				CLANG_WARN_UNREACHABLE_CODE = YES;
				CLANG_WARN__DUPLICATE_METHOD_MATCH = YES;
				"CODE_SIGN_IDENTITY[sdk=iphoneos*]" = "iPhone Developer";
				COPY_PHASE_STRIP = NO;
				DEBUG_INFORMATION_FORMAT = dwarf;
				ENABLE_STRICT_OBJC_MSGSEND = YES;
				ENABLE_TESTABILITY = YES;
				GCC_C_LANGUAGE_STANDARD = gnu99;
				GCC_DYNAMIC_NO_PIC = NO;
				GCC_NO_COMMON_BLOCKS = YES;
				GCC_OPTIMIZATION_LEVEL = 0;
				GCC_PREPROCESSOR_DEFINITIONS = (
					"DEBUG=1",
					"$(inherited)",
				);
				GCC_WARN_64_TO_32_BIT_CONVERSION = YES;
				GCC_WARN_ABOUT_RETURN_TYPE = YES_ERROR;
				GCC_WARN_UNDECLARED_SELECTOR = YES;
				GCC_WARN_UNINITIALIZED_AUTOS = YES_AGGRESSIVE;
				GCC_WARN_UNUSED_FUNCTION = YES;
				GCC_WARN_UNUSED_VARIABLE = YES;
				IPHONEOS_DEPLOYMENT_TARGET = 10.2;
				MTL_ENABLE_DEBUG_INFO = YES;
				ONLY_ACTIVE_ARCH = YES;
				SDKROOT = iphoneos;
				SWIFT_ACTIVE_COMPILATION_CONDITIONS = DEBUG;
				SWIFT_OPTIMIZATION_LEVEL = "-Onone";
			};
			name = Debug;
		};
		8A1E43121E7FEC9C006AEDDC /* Release */ = {
			isa = XCBuildConfiguration;
			buildSettings = {
				ALWAYS_SEARCH_USER_PATHS = NO;
				CLANG_ANALYZER_NONNULL = YES;
				CLANG_CXX_LANGUAGE_STANDARD = "gnu++0x";
				CLANG_CXX_LIBRARY = "libc++";
				CLANG_ENABLE_MODULES = YES;
				CLANG_ENABLE_OBJC_ARC = YES;
				CLANG_WARN_BOOL_CONVERSION = YES;
				CLANG_WARN_CONSTANT_CONVERSION = YES;
				CLANG_WARN_DIRECT_OBJC_ISA_USAGE = YES_ERROR;
				CLANG_WARN_DOCUMENTATION_COMMENTS = YES;
				CLANG_WARN_EMPTY_BODY = YES;
				CLANG_WARN_ENUM_CONVERSION = YES;
				CLANG_WARN_INFINITE_RECURSION = YES;
				CLANG_WARN_INT_CONVERSION = YES;
				CLANG_WARN_OBJC_ROOT_CLASS = YES_ERROR;
				CLANG_WARN_SUSPICIOUS_MOVE = YES;
				CLANG_WARN_UNREACHABLE_CODE = YES;
				CLANG_WARN__DUPLICATE_METHOD_MATCH = YES;
				"CODE_SIGN_IDENTITY[sdk=iphoneos*]" = "iPhone Developer";
				COPY_PHASE_STRIP = NO;
				DEBUG_INFORMATION_FORMAT = "dwarf-with-dsym";
				ENABLE_NS_ASSERTIONS = NO;
				ENABLE_STRICT_OBJC_MSGSEND = YES;
				GCC_C_LANGUAGE_STANDARD = gnu99;
				GCC_NO_COMMON_BLOCKS = YES;
				GCC_WARN_64_TO_32_BIT_CONVERSION = YES;
				GCC_WARN_ABOUT_RETURN_TYPE = YES_ERROR;
				GCC_WARN_UNDECLARED_SELECTOR = YES;
				GCC_WARN_UNINITIALIZED_AUTOS = YES_AGGRESSIVE;
				GCC_WARN_UNUSED_FUNCTION = YES;
				GCC_WARN_UNUSED_VARIABLE = YES;
				IPHONEOS_DEPLOYMENT_TARGET = 10.2;
				MTL_ENABLE_DEBUG_INFO = NO;
				SDKROOT = iphoneos;
				SWIFT_OPTIMIZATION_LEVEL = "-Owholemodule";
				VALIDATE_PRODUCT = YES;
			};
			name = Release;
		};
		8A1E43141E7FEC9C006AEDDC /* Debug */ = {
			isa = XCBuildConfiguration;
			buildSettings = {
				ASSETCATALOG_COMPILER_APPICON_NAME = AppIcon;
				DEVELOPMENT_TEAM = S8ZP685HLU;
				INFOPLIST_FILE = SmileCoffeClient/Info.plist;
				LD_RUNPATH_SEARCH_PATHS = "$(inherited) @executable_path/Frameworks";
				PRODUCT_BUNDLE_IDENTIFIER = com.cyandev.smilecoffeeclient;
				PRODUCT_NAME = "$(TARGET_NAME)";
				SWIFT_VERSION = 3.0;
			};
			name = Debug;
		};
		8A1E43151E7FEC9C006AEDDC /* Release */ = {
			isa = XCBuildConfiguration;
			buildSettings = {
				ASSETCATALOG_COMPILER_APPICON_NAME = AppIcon;
				DEVELOPMENT_TEAM = S8ZP685HLU;
				INFOPLIST_FILE = SmileCoffeClient/Info.plist;
				LD_RUNPATH_SEARCH_PATHS = "$(inherited) @executable_path/Frameworks";
				PRODUCT_BUNDLE_IDENTIFIER = com.cyandev.smilecoffeeclient;
				PRODUCT_NAME = "$(TARGET_NAME)";
				SWIFT_VERSION = 3.0;
			};
			name = Release;
		};
		8A1E43171E7FEC9C006AEDDC /* Debug */ = {
			isa = XCBuildConfiguration;
			buildSettings = {
				ALWAYS_EMBED_SWIFT_STANDARD_LIBRARIES = YES;
				BUNDLE_LOADER = "$(TEST_HOST)";
				DEVELOPMENT_TEAM = FBYF9V6M6A;
				INFOPLIST_FILE = SmileCoffeClientTests/Info.plist;
				LD_RUNPATH_SEARCH_PATHS = "$(inherited) @executable_path/Frameworks @loader_path/Frameworks";
				PRODUCT_BUNDLE_IDENTIFIER = "Thomas-Tao.SmileCoffeClientTests";
				PRODUCT_NAME = "$(TARGET_NAME)";
				SWIFT_VERSION = 3.0;
				TEST_HOST = "$(BUILT_PRODUCTS_DIR)/SmileCoffeClient.app/SmileCoffeClient";
			};
			name = Debug;
		};
		8A1E43181E7FEC9C006AEDDC /* Release */ = {
			isa = XCBuildConfiguration;
			buildSettings = {
				ALWAYS_EMBED_SWIFT_STANDARD_LIBRARIES = YES;
				BUNDLE_LOADER = "$(TEST_HOST)";
				DEVELOPMENT_TEAM = FBYF9V6M6A;
				INFOPLIST_FILE = SmileCoffeClientTests/Info.plist;
				LD_RUNPATH_SEARCH_PATHS = "$(inherited) @executable_path/Frameworks @loader_path/Frameworks";
				PRODUCT_BUNDLE_IDENTIFIER = "Thomas-Tao.SmileCoffeClientTests";
				PRODUCT_NAME = "$(TARGET_NAME)";
				SWIFT_VERSION = 3.0;
				TEST_HOST = "$(BUILT_PRODUCTS_DIR)/SmileCoffeClient.app/SmileCoffeClient";
			};
			name = Release;
		};
/* End XCBuildConfiguration section */

/* Begin XCConfigurationList section */
		8A1E42EE1E7FEC9B006AEDDC /* Build configuration list for PBXProject "SmileCoffeClient" */ = {
			isa = XCConfigurationList;
			buildConfigurations = (
				8A1E43111E7FEC9C006AEDDC /* Debug */,
				8A1E43121E7FEC9C006AEDDC /* Release */,
			);
			defaultConfigurationIsVisible = 0;
			defaultConfigurationName = Release;
		};
		8A1E43131E7FEC9C006AEDDC /* Build configuration list for PBXNativeTarget "SmileCoffeClient" */ = {
			isa = XCConfigurationList;
			buildConfigurations = (
				8A1E43141E7FEC9C006AEDDC /* Debug */,
				8A1E43151E7FEC9C006AEDDC /* Release */,
			);
			defaultConfigurationIsVisible = 0;
			defaultConfigurationName = Release;
		};
		8A1E43161E7FEC9C006AEDDC /* Build configuration list for PBXNativeTarget "SmileCoffeClientTests" */ = {
			isa = XCConfigurationList;
			buildConfigurations = (
				8A1E43171E7FEC9C006AEDDC /* Debug */,
				8A1E43181E7FEC9C006AEDDC /* Release */,
			);
			defaultConfigurationIsVisible = 0;
			defaultConfigurationName = Release;
		};
/* End XCConfigurationList section */

/* Begin XCVersionGroup section */
		8A1E42FD1E7FEC9C006AEDDC /* SmileCoffeClient.xcdatamodeld */ = {
			isa = XCVersionGroup;
			children = (
				8A1E42FE1E7FEC9C006AEDDC /* SmileCoffeClient.xcdatamodel */,
			);
			currentVersion = 8A1E42FE1E7FEC9C006AEDDC /* SmileCoffeClient.xcdatamodel */;
			path = SmileCoffeClient.xcdatamodeld;
			sourceTree = "<group>";
			versionGroupType = wrapper.xcdatamodel;
		};
/* End XCVersionGroup section */
	};
	rootObject = 8A1E42EB1E7FEC9B006AEDDC /* Project object */;
}
